Microsoft Visual Studio Solution File, Format Version 11.00
# Visual Studio 2010
Project("{8BC9CEB8-8B4A-11D0-8D11-00A0C91BC942}") = "EPS", "EPS.vcxproj", "{cfd2b998-2c8e-41a4-511d-7c0a06e996c8}"
EndProject
Global
	GlobalSection(SolutionConfigurationPlatforms) = preSolution
		Debug|Win32 = Debug|Win32
		Release|Win32 = Release|Win32
	EndGlobalSection
	GlobalSection(ProjectConfigurationPlatforms) = postSolution
		{cfd2b998-2c8e-41a4-511d-7c0a06e996c8}.Debug|Win32.ActiveCfg = Debug|Win32
		{cfd2b998-2c8e-41a4-511d-7c0a06e996c8}.Debug|Win32.Build.0 = Debug|Win32
		{cfd2b998-2c8e-41a4-511d-7c0a06e996c8}.Release|Win32.ActiveCfg = Release|Win32
		{cfd2b998-2c8e-41a4-511d-7c0a06e996c8}.Release|Win32.Build.0 = Release|Win32
	EndGlobalSection
	GlobalSection(SolutionProperties) = preSolution
		HideSolutionNode = FALSE
	EndGlobalSection
EndGlobal