<?xml version="1.0" encoding="utf-8"?>
<Project ToolsVersion="4.0" xmlns="http://schemas.microsoft.com/developer/msbuild/2003">
	<ItemGroup>
		<Filter Include="源文件\CMSIS">
			<UniqueIdentifier>{5f5dc953-2978-4da6-536f-0cb41d13139a}</UniqueIdentifier>
		</Filter>
		<Filter Include="源文件\Freertos">
			<UniqueIdentifier>{9c9835c8-5e78-4a3c-6aac-6c8af28dff7b}</UniqueIdentifier>
		</Filter>
		<Filter Include="源文件\Freertos\include">
			<UniqueIdentifier>{abee982c-c401-4cc4-7caf-c7ac2e96f979}</UniqueIdentifier>
		</Filter>
		<Filter Include="源文件\Freertos\portable">
			<UniqueIdentifier>{c5d13ed5-9bab-4697-79a6-fc2230bcc11d}</UniqueIdentifier>
		</Filter>
		<Filter Include="源文件\Fwlib">
			<UniqueIdentifier>{00d8d159-d43d-4310-4b50-f3027675ff78}</UniqueIdentifier>
		</Filter>
		<Filter Include="源文件\Fwlib\OS">
			<UniqueIdentifier>{80caa8af-476f-4a7d-4f70-bfe97d1706a1}</UniqueIdentifier>
		</Filter>
		<Filter Include="源文件\modules">
			<UniqueIdentifier>{6f3f6775-a827-42b4-5522-4dc8d858dafc}</UniqueIdentifier>
		</Filter>
		<Filter Include="源文件\User">
			<UniqueIdentifier>{a80f946a-d367-4748-5ec0-6329e7001542}</UniqueIdentifier>
		</Filter>
		<Filter Include="源文件\usr_lib">
			<UniqueIdentifier>{c896a193-2a67-4be6-56d6-b7b323f51258}</UniqueIdentifier>
		</Filter>
		<Filter Include="源文件\usr_lib\kcsanetworkttc">
			<UniqueIdentifier>{c3d9c5e5-ed65-42b0-4196-036bccbc8beb}</UniqueIdentifier>
		</Filter>
		<Filter Include="源文件\usr_lib\libcsp">
			<UniqueIdentifier>{cabbab0b-e34c-4745-46dc-008016aba80f}</UniqueIdentifier>
		</Filter>
		<Filter Include="源文件\usr_lib\libcsp\include">
			<UniqueIdentifier>{38848270-536a-4cec-5f0f-0cfc7a7ab1f9}</UniqueIdentifier>
		</Filter>
		<Filter Include="源文件\usr_lib\libcsp\include\csp">
			<UniqueIdentifier>{ba7ac4bc-7967-4a72-6aec-8ec069fbea86}</UniqueIdentifier>
		</Filter>
		<Filter Include="源文件\usr_lib\libcsp\include\csp\arch">
			<UniqueIdentifier>{b1f465ad-6c4b-49fa-4606-c8affd788326}</UniqueIdentifier>
		</Filter>
		<Filter Include="源文件\usr_lib\libcsp\include\csp\drivers">
			<UniqueIdentifier>{a327bdb4-ee15-4448-6c28-5cf66b3f3f69}</UniqueIdentifier>
		</Filter>
		<Filter Include="源文件\usr_lib\libcsp\include\csp\interfaces">
			<UniqueIdentifier>{0cca9651-be97-4bbc-4138-56ddba3d5a61}</UniqueIdentifier>
		</Filter>
		<Filter Include="源文件\usr_lib\libcsp\src">
			<UniqueIdentifier>{7733fae3-5c90-4355-6aa8-ba35b565851a}</UniqueIdentifier>
		</Filter>
		<Filter Include="源文件\usr_lib\libcsp\src\arch">
			<UniqueIdentifier>{bd286f4f-354d-4af5-61f1-79add747e119}</UniqueIdentifier>
		</Filter>
		<Filter Include="源文件\usr_lib\libcsp\src\crypto">
			<UniqueIdentifier>{4e9eeac5-6650-4e05-432a-2315f47f5388}</UniqueIdentifier>
		</Filter>
		<Filter Include="源文件\usr_lib\libcsp\src\drivers">
			<UniqueIdentifier>{a0fab436-a1ae-43c1-79c5-e71dc6baca64}</UniqueIdentifier>
		</Filter>
		<Filter Include="源文件\usr_lib\libcsp\src\interfaces">
			<UniqueIdentifier>{23033280-1b84-41f8-5ada-fdc32ba11117}</UniqueIdentifier>
		</Filter>
		<Filter Include="源文件\usr_lib\libcsp\src\rtable">
			<UniqueIdentifier>{4861acf2-d7f4-453b-4ccb-e01a03f0fd3c}</UniqueIdentifier>
		</Filter>
		<Filter Include="源文件\usr_lib\libcsp\src\transport">
			<UniqueIdentifier>{b9a69329-07c6-4498-4327-4f3b0a39ed0e}</UniqueIdentifier>
		</Filter>
		<Filter Include="源文件\usr_lib\OD">
			<UniqueIdentifier>{2ab25d84-491f-4f75-69e2-68f5f4b36630}</UniqueIdentifier>
		</Filter>
		<Filter Include="源文件\usr_lib\stm32f1">
			<UniqueIdentifier>{0f15f4e8-776d-4060-41b4-b394a1828819}</UniqueIdentifier>
		</Filter>
		<Filter Include="源文件\usr_lib\util">
			<UniqueIdentifier>{e7d53856-6f31-43db-4ee2-afdbe047d2d5}</UniqueIdentifier>
		</Filter>
		<Filter Include="源文件">
			<UniqueIdentifier>{d2425dc3-5bac-4f2e-67a7-94aa26d4a239}</UniqueIdentifier>
		</Filter>
	</ItemGroup>
	<ItemGroup>
		<ClCompile Include="..\..\FWlib\CMSIS\CM3\CoreSupport\core_cm3.c">
			<Filter>源文件\CMSIS</Filter>
		</ClCompile>
		<ClCompile Include="..\..\FWlib\CMSIS\CM3\DeviceSupport\ST\STM32F10x\system_stm32f10x.c">
			<Filter>源文件\CMSIS</Filter>
		</ClCompile>
		<ClCompile Include="..\..\Freertos\croutine.c">
			<Filter>源文件\Freertos</Filter>
		</ClCompile>
		<ClCompile Include="..\..\Freertos\event_groups.c">
			<Filter>源文件\Freertos</Filter>
		</ClCompile>
		<ClCompile Include="..\..\Freertos\heap_4.c">
			<Filter>源文件\Freertos</Filter>
		</ClCompile>
		<ClCompile Include="..\..\Freertos\list.c">
			<Filter>源文件\Freertos</Filter>
		</ClCompile>
		<ClCompile Include="..\..\Freertos\queue.c">
			<Filter>源文件\Freertos</Filter>
		</ClCompile>
		<ClCompile Include="..\..\Freertos\tasks.c">
			<Filter>源文件\Freertos</Filter>
		</ClCompile>
		<ClCompile Include="..\..\Freertos\timers.c">
			<Filter>源文件\Freertos</Filter>
		</ClCompile>
		<ClCompile Include="..\..\Freertos\portable\port.c">
			<Filter>源文件\Freertos\portable</Filter>
		</ClCompile>
		<ClCompile Include="..\..\FWlib\STM32F10x_StdPeriph_Driver\src\misc.c">
			<Filter>源文件\Fwlib</Filter>
		</ClCompile>
		<ClCompile Include="..\..\FWlib\STM32F10x_StdPeriph_Driver\src\stm32f10x_adc.c">
			<Filter>源文件\Fwlib</Filter>
		</ClCompile>
		<ClCompile Include="..\..\FWlib\STM32F10x_StdPeriph_Driver\src\stm32f10x_bkp.c">
			<Filter>源文件\Fwlib</Filter>
		</ClCompile>
		<ClCompile Include="..\..\FWlib\STM32F10x_StdPeriph_Driver\src\stm32f10x_can.c">
			<Filter>源文件\Fwlib</Filter>
		</ClCompile>
		<ClCompile Include="..\..\FWlib\STM32F10x_StdPeriph_Driver\src\stm32f10x_cec.c">
			<Filter>源文件\Fwlib</Filter>
		</ClCompile>
		<ClCompile Include="..\..\FWlib\STM32F10x_StdPeriph_Driver\src\stm32f10x_crc.c">
			<Filter>源文件\Fwlib</Filter>
		</ClCompile>
		<ClCompile Include="..\..\FWlib\STM32F10x_StdPeriph_Driver\src\stm32f10x_dac.c">
			<Filter>源文件\Fwlib</Filter>
		</ClCompile>
		<ClCompile Include="..\..\FWlib\STM32F10x_StdPeriph_Driver\src\stm32f10x_dbgmcu.c">
			<Filter>源文件\Fwlib</Filter>
		</ClCompile>
		<ClCompile Include="..\..\FWlib\STM32F10x_StdPeriph_Driver\src\stm32f10x_dma.c">
			<Filter>源文件\Fwlib</Filter>
		</ClCompile>
		<ClCompile Include="..\..\FWlib\STM32F10x_StdPeriph_Driver\src\stm32f10x_exti.c">
			<Filter>源文件\Fwlib</Filter>
		</ClCompile>
		<ClCompile Include="..\..\FWlib\STM32F10x_StdPeriph_Driver\src\stm32f10x_flash.c">
			<Filter>源文件\Fwlib</Filter>
		</ClCompile>
		<ClCompile Include="..\..\FWlib\STM32F10x_StdPeriph_Driver\src\stm32f10x_fsmc.c">
			<Filter>源文件\Fwlib</Filter>
		</ClCompile>
		<ClCompile Include="..\..\FWlib\STM32F10x_StdPeriph_Driver\src\stm32f10x_gpio.c">
			<Filter>源文件\Fwlib</Filter>
		</ClCompile>
		<ClCompile Include="..\..\FWlib\STM32F10x_StdPeriph_Driver\src\stm32f10x_i2c.c">
			<Filter>源文件\Fwlib</Filter>
		</ClCompile>
		<ClCompile Include="..\..\FWlib\STM32F10x_StdPeriph_Driver\src\stm32f10x_iwdg.c">
			<Filter>源文件\Fwlib</Filter>
		</ClCompile>
		<ClCompile Include="..\..\FWlib\STM32F10x_StdPeriph_Driver\src\stm32f10x_pwr.c">
			<Filter>源文件\Fwlib</Filter>
		</ClCompile>
		<ClCompile Include="..\..\FWlib\STM32F10x_StdPeriph_Driver\src\stm32f10x_rcc.c">
			<Filter>源文件\Fwlib</Filter>
		</ClCompile>
		<ClCompile Include="..\..\FWlib\STM32F10x_StdPeriph_Driver\src\stm32f10x_rtc.c">
			<Filter>源文件\Fwlib</Filter>
		</ClCompile>
		<ClCompile Include="..\..\FWlib\STM32F10x_StdPeriph_Driver\src\stm32f10x_sdio.c">
			<Filter>源文件\Fwlib</Filter>
		</ClCompile>
		<ClCompile Include="..\..\FWlib\STM32F10x_StdPeriph_Driver\src\stm32f10x_spi.c">
			<Filter>源文件\Fwlib</Filter>
		</ClCompile>
		<ClCompile Include="..\..\FWlib\STM32F10x_StdPeriph_Driver\src\stm32f10x_tim.c">
			<Filter>源文件\Fwlib</Filter>
		</ClCompile>
		<ClCompile Include="..\..\FWlib\STM32F10x_StdPeriph_Driver\src\stm32f10x_usart.c">
			<Filter>源文件\Fwlib</Filter>
		</ClCompile>
		<ClCompile Include="..\..\FWlib\STM32F10x_StdPeriph_Driver\src\stm32f10x_wwdg.c">
			<Filter>源文件\Fwlib</Filter>
		</ClCompile>
		<ClCompile Include="..\..\FWlib\CMSIS\OS\cmsis_os.c">
			<Filter>源文件\Fwlib\OS</Filter>
		</ClCompile>
		<ClCompile Include="..\..\modules\ADXL345.c">
			<Filter>源文件\modules</Filter>
		</ClCompile>
		<ClCompile Include="..\..\modules\tlv2548.c">
			<Filter>源文件\modules</Filter>
		</ClCompile>
		<ClCompile Include="..\..\User\bsp.c">
			<Filter>源文件\User</Filter>
		</ClCompile>
		<ClCompile Include="..\..\User\loop.c">
			<Filter>源文件\User</Filter>
		</ClCompile>
		<ClCompile Include="..\..\User\main.c">
			<Filter>源文件\User</Filter>
		</ClCompile>
		<ClCompile Include="..\..\User\stm32f10x_it.c">
			<Filter>源文件\User</Filter>
		</ClCompile>
		<ClCompile Include="..\..\User\syscall_printf.c">
			<Filter>源文件\User</Filter>
		</ClCompile>
		<ClCompile Include="..\..\User\system.c">
			<Filter>源文件\User</Filter>
		</ClCompile>
		<ClCompile Include="..\..\usr_lib\kcsanetworkttc\cbinaryparser.c">
			<Filter>源文件\usr_lib\kcsanetworkttc</Filter>
		</ClCompile>
		<ClCompile Include="..\..\usr_lib\libcsp\src\csp_bridge.c">
			<Filter>源文件\usr_lib\libcsp\src</Filter>
		</ClCompile>
		<ClCompile Include="..\..\usr_lib\libcsp\src\csp_buffer.c">
			<Filter>源文件\usr_lib\libcsp\src</Filter>
		</ClCompile>
		<ClCompile Include="..\..\usr_lib\libcsp\src\csp_conn.c">
			<Filter>源文件\usr_lib\libcsp\src</Filter>
		</ClCompile>
		<ClCompile Include="..\..\usr_lib\libcsp\src\csp_crc32.c">
			<Filter>源文件\usr_lib\libcsp\src</Filter>
		</ClCompile>
		<ClCompile Include="..\..\usr_lib\libcsp\src\csp_debug.c">
			<Filter>源文件\usr_lib\libcsp\src</Filter>
		</ClCompile>
		<ClCompile Include="..\..\usr_lib\libcsp\src\csp_dedup.c">
			<Filter>源文件\usr_lib\libcsp\src</Filter>
		</ClCompile>
		<ClCompile Include="..\..\usr_lib\libcsp\src\csp_endian.c">
			<Filter>源文件\usr_lib\libcsp\src</Filter>
		</ClCompile>
		<ClCompile Include="..\..\usr_lib\libcsp\src\csp_iflist.c">
			<Filter>源文件\usr_lib\libcsp\src</Filter>
		</ClCompile>
		<ClCompile Include="..\..\usr_lib\libcsp\src\csp_io.c">
			<Filter>源文件\usr_lib\libcsp\src</Filter>
		</ClCompile>
		<ClCompile Include="..\..\usr_lib\libcsp\src\csp_port.c">
			<Filter>源文件\usr_lib\libcsp\src</Filter>
		</ClCompile>
		<ClCompile Include="..\..\usr_lib\libcsp\src\csp_promisc.c">
			<Filter>源文件\usr_lib\libcsp\src</Filter>
		</ClCompile>
		<ClCompile Include="..\..\usr_lib\libcsp\src\csp_qfifo.c">
			<Filter>源文件\usr_lib\libcsp\src</Filter>
		</ClCompile>
		<ClCompile Include="..\..\usr_lib\libcsp\src\csp_route.c">
			<Filter>源文件\usr_lib\libcsp\src</Filter>
		</ClCompile>
		<ClCompile Include="..\..\usr_lib\libcsp\src\csp_service_handler.c">
			<Filter>源文件\usr_lib\libcsp\src</Filter>
		</ClCompile>
		<ClCompile Include="..\..\usr_lib\libcsp\src\csp_services.c">
			<Filter>源文件\usr_lib\libcsp\src</Filter>
		</ClCompile>
		<ClCompile Include="..\..\usr_lib\libcsp\src\csp_sfp.c">
			<Filter>源文件\usr_lib\libcsp\src</Filter>
		</ClCompile>
		<ClCompile Include="..\..\usr_lib\libcsp\src\arch\freertos\csp_malloc.c">
			<Filter>源文件\usr_lib\libcsp\src\arch</Filter>
		</ClCompile>
		<ClCompile Include="..\..\usr_lib\libcsp\src\arch\freertos\csp_queue.c">
			<Filter>源文件\usr_lib\libcsp\src\arch</Filter>
		</ClCompile>
		<ClCompile Include="..\..\usr_lib\libcsp\src\arch\freertos\csp_semaphore.c">
			<Filter>源文件\usr_lib\libcsp\src\arch</Filter>
		</ClCompile>
		<ClCompile Include="..\..\usr_lib\libcsp\src\arch\freertos\csp_system.c">
			<Filter>源文件\usr_lib\libcsp\src\arch</Filter>
		</ClCompile>
		<ClCompile Include="..\..\usr_lib\libcsp\src\arch\freertos\csp_thread.c">
			<Filter>源文件\usr_lib\libcsp\src\arch</Filter>
		</ClCompile>
		<ClCompile Include="..\..\usr_lib\libcsp\src\arch\freertos\csp_time.c">
			<Filter>源文件\usr_lib\libcsp\src\arch</Filter>
		</ClCompile>
		<ClCompile Include="..\..\usr_lib\libcsp\src\crypto\csp_hmac.c">
			<Filter>源文件\usr_lib\libcsp\src\crypto</Filter>
		</ClCompile>
		<ClCompile Include="..\..\usr_lib\libcsp\src\crypto\csp_sha1.c">
			<Filter>源文件\usr_lib\libcsp\src\crypto</Filter>
		</ClCompile>
		<ClCompile Include="..\..\usr_lib\libcsp\src\crypto\csp_xtea.c">
			<Filter>源文件\usr_lib\libcsp\src\crypto</Filter>
		</ClCompile>
		<ClCompile Include="..\..\usr_lib\libcsp\src\drivers\can\can_stm32.c">
			<Filter>源文件\usr_lib\libcsp\src\drivers</Filter>
		</ClCompile>
		<ClCompile Include="..\..\usr_lib\libcsp\src\interfaces\csp_if_can.c">
			<Filter>源文件\usr_lib\libcsp\src\interfaces</Filter>
		</ClCompile>
		<ClCompile Include="..\..\usr_lib\libcsp\src\interfaces\csp_if_kiss.c">
			<Filter>源文件\usr_lib\libcsp\src\interfaces</Filter>
		</ClCompile>
		<ClCompile Include="..\..\usr_lib\libcsp\src\interfaces\csp_if_lo.c">
			<Filter>源文件\usr_lib\libcsp\src\interfaces</Filter>
		</ClCompile>
		<ClCompile Include="..\..\usr_lib\libcsp\src\rtable\csp_rtable_static.c">
			<Filter>源文件\usr_lib\libcsp\src\rtable</Filter>
		</ClCompile>
		<ClCompile Include="..\..\usr_lib\libcsp\src\transport\csp_rdp.c">
			<Filter>源文件\usr_lib\libcsp\src\transport</Filter>
		</ClCompile>
		<ClCompile Include="..\..\usr_lib\libcsp\src\transport\csp_udp.c">
			<Filter>源文件\usr_lib\libcsp\src\transport</Filter>
		</ClCompile>
		<ClCompile Include="..\..\usr_lib\OD\od_gen_bcast.c">
			<Filter>源文件\usr_lib\OD</Filter>
		</ClCompile>
		<ClCompile Include="..\..\usr_lib\OD\od_gen_od.c">
			<Filter>源文件\usr_lib\OD</Filter>
		</ClCompile>
		<ClCompile Include="..\..\usr_lib\OD\od_gen_stream.c">
			<Filter>源文件\usr_lib\OD</Filter>
		</ClCompile>
		<ClCompile Include="..\..\usr_lib\stm32f1\pin.c">
			<Filter>源文件\usr_lib\stm32f1</Filter>
		</ClCompile>
		<ClCompile Include="..\..\usr_lib\stm32f1\spi.c">
			<Filter>源文件\usr_lib\stm32f1</Filter>
		</ClCompile>
		<ClCompile Include="..\..\usr_lib\stm32f1\stm32_adc.c">
			<Filter>源文件\usr_lib\stm32f1</Filter>
		</ClCompile>
		<ClCompile Include="..\..\usr_lib\stm32f1\stm32_pwm.c">
			<Filter>源文件\usr_lib\stm32f1</Filter>
		</ClCompile>
		<ClCompile Include="..\..\usr_lib\util\debug.c">
			<Filter>源文件\usr_lib\util</Filter>
		</ClCompile>
		<ClCompile Include="..\..\usr_lib\util\delay.c">
			<Filter>源文件\usr_lib\util</Filter>
		</ClCompile>
		<ClCompile Include="..\..\usr_lib\stm32f1\systick.c">
			<Filter>源文件\usr_lib\util</Filter>
		</ClCompile>
		<ClCompile Include="..\..\usr_lib\stm32f1\uart.c">
			<Filter>源文件\usr_lib\util</Filter>
		</ClCompile>
		<ClCompile Include="..\..\usr_lib\util\vtimer.c">
			<Filter>源文件\usr_lib\util</Filter>
		</ClCompile>
	</ItemGroup>
	<ItemGroup>
		<ClInclude Include="..\..\Freertos\include\croutine.h">
			<Filter>源文件\Freertos\include</Filter>
		</ClInclude>
		<ClInclude Include="..\..\Freertos\include\deprecated_definitions.h">
			<Filter>源文件\Freertos\include</Filter>
		</ClInclude>
		<ClInclude Include="..\..\Freertos\include\event_groups.h">
			<Filter>源文件\Freertos\include</Filter>
		</ClInclude>
		<ClInclude Include="..\..\Freertos\include\FreeRTOS.h">
			<Filter>源文件\Freertos\include</Filter>
		</ClInclude>
		<ClInclude Include="..\..\Freertos\include\list.h">
			<Filter>源文件\Freertos\include</Filter>
		</ClInclude>
		<ClInclude Include="..\..\Freertos\include\mpu_wrappers.h">
			<Filter>源文件\Freertos\include</Filter>
		</ClInclude>
		<ClInclude Include="..\..\Freertos\include\portable.h">
			<Filter>源文件\Freertos\include</Filter>
		</ClInclude>
		<ClInclude Include="..\..\Freertos\include\projdefs.h">
			<Filter>源文件\Freertos\include</Filter>
		</ClInclude>
		<ClInclude Include="..\..\Freertos\include\queue.h">
			<Filter>源文件\Freertos\include</Filter>
		</ClInclude>
		<ClInclude Include="..\..\Freertos\include\semphr.h">
			<Filter>源文件\Freertos\include</Filter>
		</ClInclude>
		<ClInclude Include="..\..\Freertos\include\StackMacros.h">
			<Filter>源文件\Freertos\include</Filter>
		</ClInclude>
		<ClInclude Include="..\..\Freertos\include\task.h">
			<Filter>源文件\Freertos\include</Filter>
		</ClInclude>
		<ClInclude Include="..\..\Freertos\include\timers.h">
			<Filter>源文件\Freertos\include</Filter>
		</ClInclude>
		<ClInclude Include="..\..\Freertos\portable\portmacro.h">
			<Filter>源文件\Freertos\portable</Filter>
		</ClInclude>
		<ClInclude Include="..\..\FWlib\STM32F10x_StdPeriph_Driver\inc\misc.h">
			<Filter>源文件\Fwlib</Filter>
		</ClInclude>
		<ClInclude Include="..\..\FWlib\STM32F10x_StdPeriph_Driver\inc\stm32f10x_adc.h">
			<Filter>源文件\Fwlib</Filter>
		</ClInclude>
		<ClInclude Include="..\..\FWlib\STM32F10x_StdPeriph_Driver\inc\stm32f10x_bkp.h">
			<Filter>源文件\Fwlib</Filter>
		</ClInclude>
		<ClInclude Include="..\..\FWlib\STM32F10x_StdPeriph_Driver\inc\stm32f10x_can.h">
			<Filter>源文件\Fwlib</Filter>
		</ClInclude>
		<ClInclude Include="..\..\FWlib\STM32F10x_StdPeriph_Driver\inc\stm32f10x_cec.h">
			<Filter>源文件\Fwlib</Filter>
		</ClInclude>
		<ClInclude Include="..\..\FWlib\STM32F10x_StdPeriph_Driver\inc\stm32f10x_crc.h">
			<Filter>源文件\Fwlib</Filter>
		</ClInclude>
		<ClInclude Include="..\..\FWlib\STM32F10x_StdPeriph_Driver\inc\stm32f10x_dac.h">
			<Filter>源文件\Fwlib</Filter>
		</ClInclude>
		<ClInclude Include="..\..\FWlib\STM32F10x_StdPeriph_Driver\inc\stm32f10x_dbgmcu.h">
			<Filter>源文件\Fwlib</Filter>
		</ClInclude>
		<ClInclude Include="..\..\FWlib\STM32F10x_StdPeriph_Driver\inc\stm32f10x_dma.h">
			<Filter>源文件\Fwlib</Filter>
		</ClInclude>
		<ClInclude Include="..\..\FWlib\STM32F10x_StdPeriph_Driver\inc\stm32f10x_exti.h">
			<Filter>源文件\Fwlib</Filter>
		</ClInclude>
		<ClInclude Include="..\..\FWlib\STM32F10x_StdPeriph_Driver\inc\stm32f10x_flash.h">
			<Filter>源文件\Fwlib</Filter>
		</ClInclude>
		<ClInclude Include="..\..\FWlib\STM32F10x_StdPeriph_Driver\inc\stm32f10x_fsmc.h">
			<Filter>源文件\Fwlib</Filter>
		</ClInclude>
		<ClInclude Include="..\..\FWlib\STM32F10x_StdPeriph_Driver\inc\stm32f10x_gpio.h">
			<Filter>源文件\Fwlib</Filter>
		</ClInclude>
		<ClInclude Include="..\..\FWlib\STM32F10x_StdPeriph_Driver\inc\stm32f10x_i2c.h">
			<Filter>源文件\Fwlib</Filter>
		</ClInclude>
		<ClInclude Include="..\..\FWlib\STM32F10x_StdPeriph_Driver\inc\stm32f10x_iwdg.h">
			<Filter>源文件\Fwlib</Filter>
		</ClInclude>
		<ClInclude Include="..\..\FWlib\STM32F10x_StdPeriph_Driver\inc\stm32f10x_pwr.h">
			<Filter>源文件\Fwlib</Filter>
		</ClInclude>
		<ClInclude Include="..\..\FWlib\STM32F10x_StdPeriph_Driver\inc\stm32f10x_rcc.h">
			<Filter>源文件\Fwlib</Filter>
		</ClInclude>
		<ClInclude Include="..\..\FWlib\STM32F10x_StdPeriph_Driver\inc\stm32f10x_rtc.h">
			<Filter>源文件\Fwlib</Filter>
		</ClInclude>
		<ClInclude Include="..\..\FWlib\STM32F10x_StdPeriph_Driver\inc\stm32f10x_sdio.h">
			<Filter>源文件\Fwlib</Filter>
		</ClInclude>
		<ClInclude Include="..\..\FWlib\STM32F10x_StdPeriph_Driver\inc\stm32f10x_spi.h">
			<Filter>源文件\Fwlib</Filter>
		</ClInclude>
		<ClInclude Include="..\..\FWlib\STM32F10x_StdPeriph_Driver\inc\stm32f10x_tim.h">
			<Filter>源文件\Fwlib</Filter>
		</ClInclude>
		<ClInclude Include="..\..\FWlib\STM32F10x_StdPeriph_Driver\inc\stm32f10x_usart.h">
			<Filter>源文件\Fwlib</Filter>
		</ClInclude>
		<ClInclude Include="..\..\FWlib\STM32F10x_StdPeriph_Driver\inc\stm32f10x_wwdg.h">
			<Filter>源文件\Fwlib</Filter>
		</ClInclude>
		<ClInclude Include="..\..\FWlib\CMSIS\OS\cmsis_os.h">
			<Filter>源文件\Fwlib\OS</Filter>
		</ClInclude>
		<ClInclude Include="..\..\modules\ADXL345.h">
			<Filter>源文件\modules</Filter>
		</ClInclude>
		<ClInclude Include="..\..\modules\tlv2548.h">
			<Filter>源文件\modules</Filter>
		</ClInclude>
		<ClInclude Include="..\..\User\bsp.h">
			<Filter>源文件\User</Filter>
		</ClInclude>
		<ClInclude Include="..\..\User\FreeRTOSConfig.h">
			<Filter>源文件\User</Filter>
		</ClInclude>
		<ClInclude Include="..\..\User\loop.h">
			<Filter>源文件\User</Filter>
		</ClInclude>
		<ClInclude Include="..\..\User\stm32f10x_conf.h">
			<Filter>源文件\User</Filter>
		</ClInclude>
		<ClInclude Include="..\..\usr_lib\kcsanetworkttc\3dmath_helper.h">
			<Filter>源文件\usr_lib\kcsanetworkttc</Filter>
		</ClInclude>
		<ClInclude Include="..\..\usr_lib\kcsanetworkttc\binaryobjects.h">
			<Filter>源文件\usr_lib\kcsanetworkttc</Filter>
		</ClInclude>
		<ClInclude Include="..\..\usr_lib\kcsanetworkttc\cbinaryparser.h">
			<Filter>源文件\usr_lib\kcsanetworkttc</Filter>
		</ClInclude>
		<ClInclude Include="..\..\usr_lib\libcsp\include\csp\csp.h">
			<Filter>源文件\usr_lib\libcsp\include\csp</Filter>
		</ClInclude>
		<ClInclude Include="..\..\usr_lib\libcsp\include\csp\csp_autoconfig.h">
			<Filter>源文件\usr_lib\libcsp\include\csp</Filter>
		</ClInclude>
		<ClInclude Include="..\..\usr_lib\libcsp\include\csp\csp_buffer.h">
			<Filter>源文件\usr_lib\libcsp\include\csp</Filter>
		</ClInclude>
		<ClInclude Include="..\..\usr_lib\libcsp\include\csp\csp_ccsds.h">
			<Filter>源文件\usr_lib\libcsp\include\csp</Filter>
		</ClInclude>
		<ClInclude Include="..\..\usr_lib\libcsp\include\csp\csp_cmp.h">
			<Filter>源文件\usr_lib\libcsp\include\csp</Filter>
		</ClInclude>
		<ClInclude Include="..\..\usr_lib\libcsp\include\csp\csp_crc32.h">
			<Filter>源文件\usr_lib\libcsp\include\csp</Filter>
		</ClInclude>
		<ClInclude Include="..\..\usr_lib\libcsp\include\csp\csp_debug.h">
			<Filter>源文件\usr_lib\libcsp\include\csp</Filter>
		</ClInclude>
		<ClInclude Include="..\..\usr_lib\libcsp\include\csp\csp_endian.h">
			<Filter>源文件\usr_lib\libcsp\include\csp</Filter>
		</ClInclude>
		<ClInclude Include="..\..\usr_lib\libcsp\include\csp\csp_error.h">
			<Filter>源文件\usr_lib\libcsp\include\csp</Filter>
		</ClInclude>
		<ClInclude Include="..\..\usr_lib\libcsp\include\csp\csp_iflist.h">
			<Filter>源文件\usr_lib\libcsp\include\csp</Filter>
		</ClInclude>
		<ClInclude Include="..\..\usr_lib\libcsp\include\csp\csp_interface.h">
			<Filter>源文件\usr_lib\libcsp\include\csp</Filter>
		</ClInclude>
		<ClInclude Include="..\..\usr_lib\libcsp\include\csp\csp_platform.h">
			<Filter>源文件\usr_lib\libcsp\include\csp</Filter>
		</ClInclude>
		<ClInclude Include="..\..\usr_lib\libcsp\include\csp\csp_rtable.h">
			<Filter>源文件\usr_lib\libcsp\include\csp</Filter>
		</ClInclude>
		<ClInclude Include="..\..\usr_lib\libcsp\include\csp\csp_types.h">
			<Filter>源文件\usr_lib\libcsp\include\csp</Filter>
		</ClInclude>
		<ClInclude Include="..\..\usr_lib\libcsp\include\csp\arch\csp_clock.h">
			<Filter>源文件\usr_lib\libcsp\include\csp\arch</Filter>
		</ClInclude>
		<ClInclude Include="..\..\usr_lib\libcsp\include\csp\arch\csp_malloc.h">
			<Filter>源文件\usr_lib\libcsp\include\csp\arch</Filter>
		</ClInclude>
		<ClInclude Include="..\..\usr_lib\libcsp\include\csp\arch\csp_queue.h">
			<Filter>源文件\usr_lib\libcsp\include\csp\arch</Filter>
		</ClInclude>
		<ClInclude Include="..\..\usr_lib\libcsp\include\csp\arch\csp_semaphore.h">
			<Filter>源文件\usr_lib\libcsp\include\csp\arch</Filter>
		</ClInclude>
		<ClInclude Include="..\..\usr_lib\libcsp\include\csp\arch\csp_system.h">
			<Filter>源文件\usr_lib\libcsp\include\csp\arch</Filter>
		</ClInclude>
		<ClInclude Include="..\..\usr_lib\libcsp\include\csp\arch\csp_thread.h">
			<Filter>源文件\usr_lib\libcsp\include\csp\arch</Filter>
		</ClInclude>
		<ClInclude Include="..\..\usr_lib\libcsp\include\csp\arch\csp_time.h">
			<Filter>源文件\usr_lib\libcsp\include\csp\arch</Filter>
		</ClInclude>
		<ClInclude Include="..\..\usr_lib\libcsp\include\csp\drivers\can.h">
			<Filter>源文件\usr_lib\libcsp\include\csp\drivers</Filter>
		</ClInclude>
		<ClInclude Include="..\..\usr_lib\libcsp\include\csp\drivers\tmp.h">
			<Filter>源文件\usr_lib\libcsp\include\csp\drivers</Filter>
		</ClInclude>
		<ClInclude Include="..\..\usr_lib\libcsp\include\csp\interfaces\csp_if_can.h">
			<Filter>源文件\usr_lib\libcsp\include\csp\interfaces</Filter>
		</ClInclude>
		<ClInclude Include="..\..\usr_lib\libcsp\include\csp\interfaces\csp_if_kiss.h">
			<Filter>源文件\usr_lib\libcsp\include\csp\interfaces</Filter>
		</ClInclude>
		<ClInclude Include="..\..\usr_lib\libcsp\include\csp\interfaces\csp_if_lo.h">
			<Filter>源文件\usr_lib\libcsp\include\csp\interfaces</Filter>
		</ClInclude>
		<ClInclude Include="..\..\usr_lib\libcsp\src\csp_conn.h">
			<Filter>源文件\usr_lib\libcsp\src</Filter>
		</ClInclude>
		<ClInclude Include="..\..\usr_lib\libcsp\src\csp_dedup.h">
			<Filter>源文件\usr_lib\libcsp\src</Filter>
		</ClInclude>
		<ClInclude Include="..\..\usr_lib\libcsp\src\csp_io.h">
			<Filter>源文件\usr_lib\libcsp\src</Filter>
		</ClInclude>
		<ClInclude Include="..\..\usr_lib\libcsp\src\csp_port.h">
			<Filter>源文件\usr_lib\libcsp\src</Filter>
		</ClInclude>
		<ClInclude Include="..\..\usr_lib\libcsp\src\csp_promisc.h">
			<Filter>源文件\usr_lib\libcsp\src</Filter>
		</ClInclude>
		<ClInclude Include="..\..\usr_lib\libcsp\src\csp_qfifo.h">
			<Filter>源文件\usr_lib\libcsp\src</Filter>
		</ClInclude>
		<ClInclude Include="..\..\usr_lib\libcsp\src\csp_route.h">
			<Filter>源文件\usr_lib\libcsp\src</Filter>
		</ClInclude>
		<ClInclude Include="..\..\usr_lib\libcsp\src\crypto\csp_hmac.h">
			<Filter>源文件\usr_lib\libcsp\src\crypto</Filter>
		</ClInclude>
		<ClInclude Include="..\..\usr_lib\libcsp\src\crypto\csp_sha1.h">
			<Filter>源文件\usr_lib\libcsp\src\crypto</Filter>
		</ClInclude>
		<ClInclude Include="..\..\usr_lib\libcsp\src\crypto\csp_xtea.h">
			<Filter>源文件\usr_lib\libcsp\src\crypto</Filter>
		</ClInclude>
		<ClInclude Include="..\..\usr_lib\libcsp\src\drivers\can\can_stm32.h">
			<Filter>源文件\usr_lib\libcsp\src\drivers</Filter>
		</ClInclude>
		<ClInclude Include="..\..\usr_lib\libcsp\src\transport\csp_transport.h">
			<Filter>源文件\usr_lib\libcsp\src\transport</Filter>
		</ClInclude>
		<ClInclude Include="..\..\usr_lib\OD\od.h">
			<Filter>源文件\usr_lib\OD</Filter>
		</ClInclude>
		<ClInclude Include="..\..\usr_lib\OD\od_common.h">
			<Filter>源文件\usr_lib\OD</Filter>
		</ClInclude>
		<ClInclude Include="..\..\usr_lib\OD\od_gen_bcast.h">
			<Filter>源文件\usr_lib\OD</Filter>
		</ClInclude>
		<ClInclude Include="..\..\usr_lib\OD\od_gen_callback.h">
			<Filter>源文件\usr_lib\OD</Filter>
		</ClInclude>
		<ClInclude Include="..\..\usr_lib\OD\od_gen_locked.h">
			<Filter>源文件\usr_lib\OD</Filter>
		</ClInclude>
		<ClInclude Include="..\..\usr_lib\OD\od_gen_od.h">
			<Filter>源文件\usr_lib\OD</Filter>
		</ClInclude>
		<ClInclude Include="..\..\usr_lib\OD\od_gen_stream.h">
			<Filter>源文件\usr_lib\OD</Filter>
		</ClInclude>
		<ClInclude Include="..\..\usr_lib\stm32f1\pin.h">
			<Filter>源文件\usr_lib\stm32f1</Filter>
		</ClInclude>
		<ClInclude Include="..\..\usr_lib\stm32f1\pin_define.h">
			<Filter>源文件\usr_lib\stm32f1</Filter>
		</ClInclude>
		<ClInclude Include="..\..\usr_lib\stm32f1\spi.h">
			<Filter>源文件\usr_lib\stm32f1</Filter>
		</ClInclude>
		<ClInclude Include="..\..\usr_lib\stm32f1\stm32_adc.h">
			<Filter>源文件\usr_lib\stm32f1</Filter>
		</ClInclude>
		<ClInclude Include="..\..\usr_lib\stm32f1\stm32_pwm.h">
			<Filter>源文件\usr_lib\stm32f1</Filter>
		</ClInclude>
		<ClInclude Include="..\..\usr_lib\util\datatypes.h">
			<Filter>源文件\usr_lib\util</Filter>
		</ClInclude>
		<ClInclude Include="..\..\usr_lib\util\debug.h">
			<Filter>源文件\usr_lib\util</Filter>
		</ClInclude>
		<ClInclude Include="..\..\usr_lib\util\delay.h">
			<Filter>源文件\usr_lib\util</Filter>
		</ClInclude>
		<ClInclude Include="..\..\usr_lib\util\macros.h">
			<Filter>源文件\usr_lib\util</Filter>
		</ClInclude>
		<ClInclude Include="..\..\usr_lib\util\mfifo.h">
			<Filter>源文件\usr_lib\util</Filter>
		</ClInclude>
		<ClInclude Include="..\..\usr_lib\stm32f1\systick.h">
			<Filter>源文件\usr_lib\util</Filter>
		</ClInclude>
		<ClInclude Include="..\..\usr_lib\stm32f1\uart.h">
			<Filter>源文件\usr_lib\util</Filter>
		</ClInclude>
		<ClInclude Include="..\..\usr_lib\stm32f1\uart_custom_api.h">
			<Filter>源文件\usr_lib\util</Filter>
		</ClInclude>
		<ClInclude Include="..\..\usr_lib\util\vtimer.h">
			<Filter>源文件\usr_lib\util</Filter>
		</ClInclude>
	</ItemGroup>
	<ItemGroup>
		<None Include="..\..\FWlib\CMSIS\CM3\DeviceSupport\ST\STM32F10x\startup\iar\startup_stm32f10x_cl.s">
			<Filter>源文件\CMSIS</Filter>
		</None>
		<None Include="..\..\Freertos\portable\portasm.s">
			<Filter>源文件\Freertos\portable</Filter>
		</None>
	</ItemGroup>
</Project>